{
    "_readme": [
        "This file locks the dependencies of your project to a known state",
        "Read more about it at http://getcomposer.org/doc/01-basic-usage.md#composer-lock-the-lock-file",
        "This file is @generated automatically"
    ],
    "hash": "41a588abafaa30b81979b6a30d04fc77",
    "packages": [
        {
            "name": "SimpleMVC",
            "version": "dev-master",
            "source": {
                "type": "git",
                "url": "https://github.com/tamplier0608/SimpleMVC.git",
                "reference": "0b33c0b8419fe1b048daaa4e3abe4d30e65cc111"
            },
            "require": {
                "php": ">=5.3.0"
            },
            "type": "library",
            "autoload": {
                "psr-0": {
                    "": "src/"
                }
            },
            "license": [
                "GPLV2"
            ],
            "authors": [
                {
                    "name": "Serhii Kukunin",
                    "email": "kukunin.sergey@gmail.com"
                }
            ],
            "description": "Simple MVC framework",
            "homepage": "https://github.com/tamplier0608/SimpleMVC/",
            "keywords": [
                "framework",
                "mvc",
                "php"
            ],
            "time": "2015-01-20 15:21:09"
        }
    ],
    "packages-dev": [],
    "aliases": [],
    "minimum-stability": "stable",
    "stability-flags": {
        "simplemvc": 20
    },
    "prefer-stable": false,
    "prefer-lowest": false,
    "platform": [],
    "platform-dev": []
}
